// !$*UTF8*$!
{
	archiveVersion = 1;
	classes = {
	};
	objectVersion = 46;
	objects = {

/* Begin PBXBuildFile section */
		236D7CC81C4FC45900AAF629 /* AppDelegate.swift in Sources */ = {isa = PBXBuildFile; fileRef = 236D7CC71C4FC45900AAF629 /* AppDelegate.swift */; };
		236D7CCA1C4FC45900AAF629 /* MasterViewController.swift in Sources */ = {isa = PBXBuildFile; fileRef = 236D7CC91C4FC45900AAF629 /* MasterViewController.swift */; };
		236D7CCC1C4FC45900AAF629 /* DetailViewController.swift in Sources */ = {isa = PBXBuildFile; fileRef = 236D7CCB1C4FC45900AAF629 /* DetailViewController.swift */; };
		236D7CCF1C4FC45900AAF629 /* Main.storyboard in Resources */ = {isa = PBXBuildFile; fileRef = 236D7CCD1C4FC45900AAF629 /* Main.storyboard */; };
		236D7CD11C4FC45900AAF629 /* Assets.xcassets in Resources */ = {isa = PBXBuildFile; fileRef = 236D7CD01C4FC45900AAF629 /* Assets.xcassets */; };
		236D7CD41C4FC45900AAF629 /* LaunchScreen.storyboard in Resources */ = {isa = PBXBuildFile; fileRef = 236D7CD21C4FC45900AAF629 /* LaunchScreen.storyboard */; };
		236D7CE41C4FC6B200AAF629 /* CustomCollectionViewLayout.swift in Sources */ = {isa = PBXBuildFile; fileRef = 236D7CE31C4FC6B200AAF629 /* CustomCollectionViewLayout.swift */; };
		2372EF571C50E6D900458978 /* CashPointDataSource.swift in Sources */ = {isa = PBXBuildFile; fileRef = 2372EF561C50E6D900458978 /* CashPointDataSource.swift */; };
		2372EF591C50E86600458978 /* BaseCollectionViewCell.swift in Sources */ = {isa = PBXBuildFile; fileRef = 2372EF581C50E86600458978 /* BaseCollectionViewCell.swift */; };
		2372EF611C50F38200458978 /* CashPointSectionCell.swift in Sources */ = {isa = PBXBuildFile; fileRef = 2372EF5F1C50F38200458978 /* CashPointSectionCell.swift */; };
		2372EF621C50F38200458978 /* CashPointSectionCell.xib in Resources */ = {isa = PBXBuildFile; fileRef = 2372EF601C50F38200458978 /* CashPointSectionCell.xib */; };
		2372EF651C50F45000458978 /* CashPointTextCell.swift in Sources */ = {isa = PBXBuildFile; fileRef = 2372EF631C50F45000458978 /* CashPointTextCell.swift */; };
		2372EF661C50F45000458978 /* CashPointTextCell.xib in Resources */ = {isa = PBXBuildFile; fileRef = 2372EF641C50F45000458978 /* CashPointTextCell.xib */; };
		2372EF691C50F47D00458978 /* CashPointImageCell.swift in Sources */ = {isa = PBXBuildFile; fileRef = 2372EF671C50F47D00458978 /* CashPointImageCell.swift */; };
		2372EF6A1C50F47D00458978 /* CashPointImageCell.xib in Resources */ = {isa = PBXBuildFile; fileRef = 2372EF681C50F47D00458978 /* CashPointImageCell.xib */; };
		2372EF6F1C50FCD000458978 /* CashPoint.swift in Sources */ = {isa = PBXBuildFile; fileRef = 2372EF6E1C50FCD000458978 /* CashPoint.swift */; };
		2372EF711C51175900458978 /* CashPointDataLoader.swift in Sources */ = {isa = PBXBuildFile; fileRef = 2372EF701C51175900458978 /* CashPointDataLoader.swift */; };
/* End PBXBuildFile section */

/* Begin PBXFileReference section */
		236D7CC41C4FC45900AAF629 /* CaaSTest.app */ = {isa = PBXFileReference; explicitFileType = wrapper.application; includeInIndex = 0; path = CaaSTest.app; sourceTree = BUILT_PRODUCTS_DIR; };
		236D7CC71C4FC45900AAF629 /* AppDelegate.swift */ = {isa = PBXFileReference; lastKnownFileType = sourcecode.swift; path = AppDelegate.swift; sourceTree = "<group>"; };
		236D7CC91C4FC45900AAF629 /* MasterViewController.swift */ = {isa = PBXFileReference; lastKnownFileType = sourcecode.swift; path = MasterViewController.swift; sourceTree = "<group>"; };
		236D7CCB1C4FC45900AAF629 /* DetailViewController.swift */ = {isa = PBXFileReference; lastKnownFileType = sourcecode.swift; path = DetailViewController.swift; sourceTree = "<group>"; };
		236D7CCE1C4FC45900AAF629 /* Base */ = {isa = PBXFileReference; lastKnownFileType = file.storyboard; name = Base; path = Base.lproj/Main.storyboard; sourceTree = "<group>"; };
		236D7CD01C4FC45900AAF629 /* Assets.xcassets */ = {isa = PBXFileReference; lastKnownFileType = folder.assetcatalog; path = Assets.xcassets; sourceTree = "<group>"; };
		236D7CD31C4FC45900AAF629 /* Base */ = {isa = PBXFileReference; lastKnownFileType = file.storyboard; name = Base; path = Base.lproj/LaunchScreen.storyboard; sourceTree = "<group>"; };
		236D7CD51C4FC45900AAF629 /* Info.plist */ = {isa = PBXFileReference; lastKnownFileType = text.plist.xml; path = Info.plist; sourceTree = "<group>"; };
		236D7CE31C4FC6B200AAF629 /* CustomCollectionViewLayout.swift */ = {isa = PBXFileReference; fileEncoding = 4; lastKnownFileType = sourcecode.swift; path = CustomCollectionViewLayout.swift; sourceTree = "<group>"; };
		2372EF561C50E6D900458978 /* CashPointDataSource.swift */ = {isa = PBXFileReference; fileEncoding = 4; lastKnownFileType = sourcecode.swift; path = CashPointDataSource.swift; sourceTree = "<group>"; };
		2372EF581C50E86600458978 /* BaseCollectionViewCell.swift */ = {isa = PBXFileReference; fileEncoding = 4; lastKnownFileType = sourcecode.swift; path = BaseCollectionViewCell.swift; sourceTree = "<group>"; };
		2372EF5F1C50F38200458978 /* CashPointSectionCell.swift */ = {isa = PBXFileReference; fileEncoding = 4; lastKnownFileType = sourcecode.swift; path = CashPointSectionCell.swift; sourceTree = "<group>"; };
		2372EF601C50F38200458978 /* CashPointSectionCell.xib */ = {isa = PBXFileReference; fileEncoding = 4; lastKnownFileType = file.xib; path = CashPointSectionCell.xib; sourceTree = "<group>"; };
		2372EF631C50F45000458978 /* CashPointTextCell.swift */ = {isa = PBXFileReference; fileEncoding = 4; lastKnownFileType = sourcecode.swift; path = CashPointTextCell.swift; sourceTree = "<group>"; };
		2372EF641C50F45000458978 /* CashPointTextCell.xib */ = {isa = PBXFileReference; fileEncoding = 4; lastKnownFileType = file.xib; path = CashPointTextCell.xib; sourceTree = "<group>"; };
		2372EF671C50F47D00458978 /* CashPointImageCell.swift */ = {isa = PBXFileReference; fileEncoding = 4; lastKnownFileType = sourcecode.swift; path = CashPointImageCell.swift; sourceTree = "<group>"; };
		2372EF681C50F47D00458978 /* CashPointImageCell.xib */ = {isa = PBXFileReference; fileEncoding = 4; lastKnownFileType = file.xib; path = CashPointImageCell.xib; sourceTree = "<group>"; };
		2372EF6E1C50FCD000458978 /* CashPoint.swift */ = {isa = PBXFileReference; fileEncoding = 4; lastKnownFileType = sourcecode.swift; path = CashPoint.swift; sourceTree = "<group>"; };
		2372EF701C51175900458978 /* CashPointDataLoader.swift */ = {isa = PBXFileReference; fileEncoding = 4; lastKnownFileType = sourcecode.swift; path = CashPointDataLoader.swift; sourceTree = "<group>"; };
/* End PBXFileReference section */

/* Begin PBXFrameworksBuildPhase section */
		236D7CC11C4FC45900AAF629 /* Frameworks */ = {
			isa = PBXFrameworksBuildPhase;
			buildActionMask = 2147483647;
			files = (
			);
			runOnlyForDeploymentPostprocessing = 0;
		};
/* End PBXFrameworksBuildPhase section */

/* Begin PBXGroup section */
		236D7CBB1C4FC45900AAF629 = {
			isa = PBXGroup;
			children = (
				236D7CC61C4FC45900AAF629 /* CaaSTest */,
				236D7CC51C4FC45900AAF629 /* Products */,
			);
			sourceTree = "<group>";
		};
		236D7CC51C4FC45900AAF629 /* Products */ = {
			isa = PBXGroup;
			children = (
				236D7CC41C4FC45900AAF629 /* CaaSTest.app */,
			);
			name = Products;
			sourceTree = "<group>";
		};
		236D7CC61C4FC45900AAF629 /* CaaSTest */ = {
			isa = PBXGroup;
			children = (
				2372EF531C50DDC000458978 /* CashPoint */,
				236D7CE31C4FC6B200AAF629 /* CustomCollectionViewLayout.swift */,
				236D7CC91C4FC45900AAF629 /* MasterViewController.swift */,
				236D7CCB1C4FC45900AAF629 /* DetailViewController.swift */,
				236D7CC71C4FC45900AAF629 /* AppDelegate.swift */,
				236D7CCD1C4FC45900AAF629 /* Main.storyboard */,
				236D7CD01C4FC45900AAF629 /* Assets.xcassets */,
				236D7CD21C4FC45900AAF629 /* LaunchScreen.storyboard */,
				236D7CD51C4FC45900AAF629 /* Info.plist */,
			);
			path = CaaSTest;
			sourceTree = "<group>";
		};
		2372EF531C50DDC000458978 /* CashPoint */ = {
			isa = PBXGroup;
			children = (
				2372EF6D1C50FCA600458978 /* Model */,
				2372EF5C1C50F28800458978 /* CashPointCell */,
				2372EF561C50E6D900458978 /* CashPointDataSource.swift */,
				2372EF701C51175900458978 /* CashPointDataLoader.swift */,
			);
			name = CashPoint;
			sourceTree = "<group>";
		};
		2372EF5C1C50F28800458978 /* CashPointCell */ = {
			isa = PBXGroup;
			children = (
				2372EF581C50E86600458978 /* BaseCollectionViewCell.swift */,
				2372EF5F1C50F38200458978 /* CashPointSectionCell.swift */,
				2372EF631C50F45000458978 /* CashPointTextCell.swift */,
				2372EF671C50F47D00458978 /* CashPointImageCell.swift */,
				2372EF601C50F38200458978 /* CashPointSectionCell.xib */,
				2372EF641C50F45000458978 /* CashPointTextCell.xib */,
				2372EF681C50F47D00458978 /* CashPointImageCell.xib */,
			);
			name = CashPointCell;
			sourceTree = "<group>";
		};
		2372EF6D1C50FCA600458978 /* Model */ = {
			isa = PBXGroup;
			children = (
				2372EF6E1C50FCD000458978 /* CashPoint.swift */,
			);
			name = Model;
			sourceTree = "<group>";
		};
/* End PBXGroup section */

/* Begin PBXNativeTarget section */
		236D7CC31C4FC45900AAF629 /* CaaSTest */ = {
			isa = PBXNativeTarget;
			buildConfigurationList = 236D7CD81C4FC45900AAF629 /* Build configuration list for PBXNativeTarget "CaaSTest" */;
			buildPhases = (
				236D7CC01C4FC45900AAF629 /* Sources */,
				236D7CC11C4FC45900AAF629 /* Frameworks */,
				236D7CC21C4FC45900AAF629 /* Resources */,
			);
			buildRules = (
			);
			dependencies = (
			);
			name = CaaSTest;
			productName = CaaSTest;
			productReference = 236D7CC41C4FC45900AAF629 /* CaaSTest.app */;
			productType = "com.apple.product-type.application";
		};
/* End PBXNativeTarget section */

/* Begin PBXProject section */
		236D7CBC1C4FC45900AAF629 /* Project object */ = {
			isa = PBXProject;
			attributes = {
				LastSwiftUpdateCheck = 0720;
				LastUpgradeCheck = 0720;
				ORGANIZATIONNAME = Edsson;
				TargetAttributes = {
					236D7CC31C4FC45900AAF629 = {
						CreatedOnToolsVersion = 7.2;
					};
				};
			};
			buildConfigurationList = 236D7CBF1C4FC45900AAF629 /* Build configuration list for PBXProject "CaaSTest" */;
			compatibilityVersion = "Xcode 3.2";
			developmentRegion = English;
			hasScannedForEncodings = 0;
			knownRegions = (
				en,
				Base,
			);
			mainGroup = 236D7CBB1C4FC45900AAF629;
			productRefGroup = 236D7CC51C4FC45900AAF629 /* Products */;
			projectDirPath = "";
			projectRoot = "";
			targets = (
				236D7CC31C4FC45900AAF629 /* CaaSTest */,
			);
		};
/* End PBXProject section */

/* Begin PBXResourcesBuildPhase section */
		236D7CC21C4FC45900AAF629 /* Resources */ = {
			isa = PBXResourcesBuildPhase;
			buildActionMask = 2147483647;
			files = (
				2372EF661C50F45000458978 /* CashPointTextCell.xib in Resources */,
				236D7CD41C4FC45900AAF629 /* LaunchScreen.storyboard in Resources */,
				2372EF6A1C50F47D00458978 /* CashPointImageCell.xib in Resources */,
				236D7CD11C4FC45900AAF629 /* Assets.xcassets in Resources */,
				2372EF621C50F38200458978 /* CashPointSectionCell.xib in Resources */,
				236D7CCF1C4FC45900AAF629 /* Main.storyboard in Resources */,
			);
			runOnlyForDeploymentPostprocessing = 0;
		};
/* End PBXResourcesBuildPhase section */

/* Begin PBXSourcesBuildPhase section */
		236D7CC01C4FC45900AAF629 /* Sources */ = {
			isa = PBXSourcesBuildPhase;
			buildActionMask = 2147483647;
			files = (
				2372EF571C50E6D900458978 /* CashPointDataSource.swift in Sources */,
				2372EF591C50E86600458978 /* BaseCollectionViewCell.swift in Sources */,
				2372EF611C50F38200458978 /* CashPointSectionCell.swift in Sources */,
				2372EF711C51175900458978 /* CashPointDataLoader.swift in Sources */,
				236D7CCC1C4FC45900AAF629 /* DetailViewController.swift in Sources */,
				2372EF651C50F45000458978 /* CashPointTextCell.swift in Sources */,
				236D7CCA1C4FC45900AAF629 /* MasterViewController.swift in Sources */,
				236D7CC81C4FC45900AAF629 /* AppDelegate.swift in Sources */,
				236D7CE41C4FC6B200AAF629 /* CustomCollectionViewLayout.swift in Sources */,
				2372EF691C50F47D00458978 /* CashPointImageCell.swift in Sources */,
				2372EF6F1C50FCD000458978 /* CashPoint.swift in Sources */,
			);
			runOnlyForDeploymentPostprocessing = 0;
		};
/* End PBXSourcesBuildPhase section */

/* Begin PBXVariantGroup section */
		236D7CCD1C4FC45900AAF629 /* Main.storyboard */ = {
			isa = PBXVariantGroup;
			children = (
				236D7CCE1C4FC45900AAF629 /* Base */,
			);
			name = Main.storyboard;
			sourceTree = "<group>";
		};
		236D7CD21C4FC45900AAF629 /* LaunchScreen.storyboard */ = {
			isa = PBXVariantGroup;
			children = (
				236D7CD31C4FC45900AAF629 /* Base */,
			);
			name = LaunchScreen.storyboard;
			sourceTree = "<group>";
		};
/* End PBXVariantGroup section */

/* Begin XCBuildConfiguration section */
		236D7CD61C4FC45900AAF629 /* Debug */ = {
			isa = XCBuildConfiguration;
			buildSettings = {
				ALWAYS_SEARCH_USER_PATHS = NO;
				CLANG_CXX_LANGUAGE_STANDARD = "gnu++0x";
				CLANG_CXX_LIBRARY = "libc++";
				CLANG_ENABLE_MODULES = YES;
				CLANG_ENABLE_OBJC_ARC = YES;
				CLANG_WARN_BOOL_CONVERSION = YES;
				CLANG_WARN_CONSTANT_CONVERSION = YES;
				CLANG_WARN_DIRECT_OBJC_ISA_USAGE = YES_ERROR;
				CLANG_WARN_EMPTY_BODY = YES;
				CLANG_WARN_ENUM_CONVERSION = YES;
				CLANG_WARN_INT_CONVERSION = YES;
				CLANG_WARN_OBJC_ROOT_CLASS = YES_ERROR;
				CLANG_WARN_UNREACHABLE_CODE = YES;
				CLANG_WARN__DUPLICATE_METHOD_MATCH = YES;
				"CODE_SIGN_IDENTITY[sdk=iphoneos*]" = "iPhone Developer";
				COPY_PHASE_STRIP = NO;
				DEBUG_INFORMATION_FORMAT = dwarf;
				ENABLE_STRICT_OBJC_MSGSEND = YES;
				ENABLE_TESTABILITY = YES;
				GCC_C_LANGUAGE_STANDARD = gnu99;
				GCC_DYNAMIC_NO_PIC = NO;
				GCC_NO_COMMON_BLOCKS = YES;
				GCC_OPTIMIZATION_LEVEL = 0;
				GCC_PREPROCESSOR_DEFINITIONS = (
					"DEBUG=1",
					"$(inherited)",
				);
				GCC_WARN_64_TO_32_BIT_CONVERSION = YES;
				GCC_WARN_ABOUT_RETURN_TYPE = YES_ERROR;
				GCC_WARN_UNDECLARED_SELECTOR = YES;
				GCC_WARN_UNINITIALIZED_AUTOS = YES_AGGRESSIVE;
				GCC_WARN_UNUSED_FUNCTION = YES;
				GCC_WARN_UNUSED_VARIABLE = YES;
				IPHONEOS_DEPLOYMENT_TARGET = 9.2;
				MTL_ENABLE_DEBUG_INFO = YES;
				ONLY_ACTIVE_ARCH = YES;
				SDKROOT = iphoneos;
				SWIFT_OPTIMIZATION_LEVEL = "-Onone";
			};
			name = Debug;
		};
		236D7CD71C4FC45900AAF629 /* Release */ = {
			isa = XCBuildConfiguration;
			buildSettings = {
				ALWAYS_SEARCH_USER_PATHS = NO;
				CLANG_CXX_LANGUAGE_STANDARD = "gnu++0x";
				CLANG_CXX_LIBRARY = "libc++";
				CLANG_ENABLE_MODULES = YES;
				CLANG_ENABLE_OBJC_ARC = YES;
				CLANG_WARN_BOOL_CONVERSION = YES;
				CLANG_WARN_CONSTANT_CONVERSION = YES;
				CLANG_WARN_DIRECT_OBJC_ISA_USAGE = YES_ERROR;
				CLANG_WARN_EMPTY_BODY = YES;
				CLANG_WARN_ENUM_CONVERSION = YES;
				CLANG_WARN_INT_CONVERSION = YES;
				CLANG_WARN_OBJC_ROOT_CLASS = YES_ERROR;
				CLANG_WARN_UNREACHABLE_CODE = YES;
				CLANG_WARN__DUPLICATE_METHOD_MATCH = YES;
				"CODE_SIGN_IDENTITY[sdk=iphoneos*]" = "iPhone Developer";
				COPY_PHASE_STRIP = NO;
				DEBUG_INFORMATION_FORMAT = "dwarf-with-dsym";
				ENABLE_NS_ASSERTIONS = NO;
				ENABLE_STRICT_OBJC_MSGSEND = YES;
				GCC_C_LANGUAGE_STANDARD = gnu99;
				GCC_NO_COMMON_BLOCKS = YES;
				GCC_WARN_64_TO_32_BIT_CONVERSION = YES;
				GCC_WARN_ABOUT_RETURN_TYPE = YES_ERROR;
				GCC_WARN_UNDECLARED_SELECTOR = YES;
				GCC_WARN_UNINITIALIZED_AUTOS = YES_AGGRESSIVE;
				GCC_WARN_UNUSED_FUNCTION = YES;
				GCC_WARN_UNUSED_VARIABLE = YES;
				IPHONEOS_DEPLOYMENT_TARGET = 9.2;
				MTL_ENABLE_DEBUG_INFO = NO;
				SDKROOT = iphoneos;
				VALIDATE_PRODUCT = YES;
			};
			name = Release;
		};
		236D7CD91C4FC45900AAF629 /* Debug */ = {
			isa = XCBuildConfiguration;
			buildSettings = {
				ASSETCATALOG_COMPILER_APPICON_NAME = AppIcon;
				INFOPLIST_FILE = CaaSTest/Info.plist;
				LD_RUNPATH_SEARCH_PATHS = "$(inherited) @executable_path/Frameworks";
				PRODUCT_BUNDLE_IDENTIFIER = com.edsson.CaaSTest;
				PRODUCT_NAME = "$(TARGET_NAME)";
				TARGETED_DEVICE_FAMILY = 2;
			};
			name = Debug;
		};
		236D7CDA1C4FC45900AAF629 /* Release */ = {
			isa = XCBuildConfiguration;
			buildSettings = {
				ASSETCATALOG_COMPILER_APPICON_NAME = AppIcon;
				INFOPLIST_FILE = CaaSTest/Info.plist;
				LD_RUNPATH_SEARCH_PATHS = "$(inherited) @executable_path/Frameworks";
				PRODUCT_BUNDLE_IDENTIFIER = com.edsson.CaaSTest;
				PRODUCT_NAME = "$(TARGET_NAME)";
				TARGETED_DEVICE_FAMILY = 2;
			};
			name = Release;
		};
/* End XCBuildConfiguration section */

/* Begin XCConfigurationList section */
		236D7CBF1C4FC45900AAF629 /* Build configuration list for PBXProject "CaaSTest" */ = {
			isa = XCConfigurationList;
			buildConfigurations = (
				236D7CD61C4FC45900AAF629 /* Debug */,
				236D7CD71C4FC45900AAF629 /* Release */,
			);
			defaultConfigurationIsVisible = 0;
			defaultConfigurationName = Release;
		};
		236D7CD81C4FC45900AAF629 /* Build configuration list for PBXNativeTarget "CaaSTest" */ = {
			isa = XCConfigurationList;
			buildConfigurations = (
				236D7CD91C4FC45900AAF629 /* Debug */,
				236D7CDA1C4FC45900AAF629 /* Release */,
			);
			defaultConfigurationIsVisible = 0;
			defaultConfigurationName = Release;
		};
/* End XCConfigurationList section */
	};
	rootObject = 236D7CBC1C4FC45900AAF629 /* Project object */;
}
